// !$*UTF8*$!
{
	archiveVersion = 1;
	classes = {
	};
	objectVersion = 46;
	objects = {

/* Begin PBXBuildFile section */
		576209FA1A36C5B0001BE5A6 /* SecondViewController.m in Sources */ = {isa = PBXBuildFile; fileRef = 576209F91A36C5B0001BE5A6 /* SecondViewController.m */; };
		57D0C8FB1A36A7E4009E11D0 /* main.m in Sources */ = {isa = PBXBuildFile; fileRef = 57D0C8FA1A36A7E4009E11D0 /* main.m */; };
		57D0C8FE1A36A7E4009E11D0 /* AppDelegate.m in Sources */ = {isa = PBXBuildFile; fileRef = 57D0C8FD1A36A7E4009E11D0 /* AppDelegate.m */; };
		57D0C9011A36A7E4009E11D0 /* ViewController.m in Sources */ = {isa = PBXBuildFile; fileRef = 57D0C9001A36A7E4009E11D0 /* ViewController.m */; };
		57D0C9061A36A7E4009E11D0 /* Images.xcassets in Resources */ = {isa = PBXBuildFile; fileRef = 57D0C9051A36A7E4009E11D0 /* Images.xcassets */; };
		57D0C9151A36A7E4009E11D0 /* AMWaveTransitionDemoTests.m in Sources */ = {isa = PBXBuildFile; fileRef = 57D0C9141A36A7E4009E11D0 /* AMWaveTransitionDemoTests.m */; };
		57D0C9201A36A7F4009E11D0 /* AMWaveTransition.m in Sources */ = {isa = PBXBuildFile; fileRef = 57D0C91F1A36A7F4009E11D0 /* AMWaveTransition.m */; };
		57D0C9221A36A8A9009E11D0 /* Default-568h@2x.png in Resources */ = {isa = PBXBuildFile; fileRef = 57D0C9211A36A8A9009E11D0 /* Default-568h@2x.png */; };
/* End PBXBuildFile section */

/* Begin PBXContainerItemProxy section */
		57D0C90F1A36A7E4009E11D0 /* PBXContainerItemProxy */ = {
			isa = PBXContainerItemProxy;
			containerPortal = 57D0C8ED1A36A7E4009E11D0 /* Project object */;
			proxyType = 1;
			remoteGlobalIDString = 57D0C8F41A36A7E4009E11D0;
			remoteInfo = AMWaveTransitionDemo;
		};
/* End PBXContainerItemProxy section */

/* Begin PBXFileReference section */
		576209F81A36C5B0001BE5A6 /* SecondViewController.h */ = {isa = PBXFileReference; fileEncoding = 4; lastKnownFileType = sourcecode.c.h; path = SecondViewController.h; sourceTree = "<group>"; };
		576209F91A36C5B0001BE5A6 /* SecondViewController.m */ = {isa = PBXFileReference; fileEncoding = 4; lastKnownFileType = sourcecode.c.objc; path = SecondViewController.m; sourceTree = "<group>"; };
		57D0C8F51A36A7E4009E11D0 /* AMWaveTransitionDemo.app */ = {isa = PBXFileReference; explicitFileType = wrapper.application; includeInIndex = 0; path = AMWaveTransitionDemo.app; sourceTree = BUILT_PRODUCTS_DIR; };
		57D0C8F91A36A7E4009E11D0 /* Info.plist */ = {isa = PBXFileReference; lastKnownFileType = text.plist.xml; path = Info.plist; sourceTree = "<group>"; };
		57D0C8FA1A36A7E4009E11D0 /* main.m */ = {isa = PBXFileReference; lastKnownFileType = sourcecode.c.objc; path = main.m; sourceTree = "<group>"; };
		57D0C8FC1A36A7E4009E11D0 /* AppDelegate.h */ = {isa = PBXFileReference; lastKnownFileType = sourcecode.c.h; path = AppDelegate.h; sourceTree = "<group>"; };
		57D0C8FD1A36A7E4009E11D0 /* AppDelegate.m */ = {isa = PBXFileReference; lastKnownFileType = sourcecode.c.objc; path = AppDelegate.m; sourceTree = "<group>"; };
		57D0C8FF1A36A7E4009E11D0 /* ViewController.h */ = {isa = PBXFileReference; lastKnownFileType = sourcecode.c.h; path = ViewController.h; sourceTree = "<group>"; };
		57D0C9001A36A7E4009E11D0 /* ViewController.m */ = {isa = PBXFileReference; lastKnownFileType = sourcecode.c.objc; path = ViewController.m; sourceTree = "<group>"; };
		57D0C9051A36A7E4009E11D0 /* Images.xcassets */ = {isa = PBXFileReference; lastKnownFileType = folder.assetcatalog; path = Images.xcassets; sourceTree = "<group>"; };
		57D0C90E1A36A7E4009E11D0 /* AMWaveTransitionDemoTests.xctest */ = {isa = PBXFileReference; explicitFileType = wrapper.cfbundle; includeInIndex = 0; path = AMWaveTransitionDemoTests.xctest; sourceTree = BUILT_PRODUCTS_DIR; };
		57D0C9131A36A7E4009E11D0 /* Info.plist */ = {isa = PBXFileReference; lastKnownFileType = text.plist.xml; path = Info.plist; sourceTree = "<group>"; };
		57D0C9141A36A7E4009E11D0 /* AMWaveTransitionDemoTests.m */ = {isa = PBXFileReference; lastKnownFileType = sourcecode.c.objc; path = AMWaveTransitionDemoTests.m; sourceTree = "<group>"; };
		57D0C91E1A36A7F4009E11D0 /* AMWaveTransition.h */ = {isa = PBXFileReference; fileEncoding = 4; lastKnownFileType = sourcecode.c.h; path = AMWaveTransition.h; sourceTree = "<group>"; };
		57D0C91F1A36A7F4009E11D0 /* AMWaveTransition.m */ = {isa = PBXFileReference; fileEncoding = 4; lastKnownFileType = sourcecode.c.objc; path = AMWaveTransition.m; sourceTree = "<group>"; };
		57D0C9211A36A8A9009E11D0 /* Default-568h@2x.png */ = {isa = PBXFileReference; lastKnownFileType = image.png; path = "Default-568h@2x.png"; sourceTree = "<group>"; };
/* End PBXFileReference section */

/* Begin PBXFrameworksBuildPhase section */
		57D0C8F21A36A7E4009E11D0 /* Frameworks */ = {
			isa = PBXFrameworksBuildPhase;
			buildActionMask = 2147483647;
			files = (
			);
			runOnlyForDeploymentPostprocessing = 0;
		};
		57D0C90B1A36A7E4009E11D0 /* Frameworks */ = {
			isa = PBXFrameworksBuildPhase;
			buildActionMask = 2147483647;
			files = (
			);
			runOnlyForDeploymentPostprocessing = 0;
		};
/* End PBXFrameworksBuildPhase section */

/* Begin PBXGroup section */
		57D0C8EC1A36A7E4009E11D0 = {
			isa = PBXGroup;
			children = (
				57D0C8F71A36A7E4009E11D0 /* AMWaveTransitionDemo */,
				57D0C9111A36A7E4009E11D0 /* AMWaveTransitionDemoTests */,
				57D0C8F61A36A7E4009E11D0 /* Products */,
			);
			sourceTree = "<group>";
		};
		57D0C8F61A36A7E4009E11D0 /* Products */ = {
			isa = PBXGroup;
			children = (
				57D0C8F51A36A7E4009E11D0 /* AMWaveTransitionDemo.app */,
				57D0C90E1A36A7E4009E11D0 /* AMWaveTransitionDemoTests.xctest */,
			);
			name = Products;
			sourceTree = "<group>";
		};
		57D0C8F71A36A7E4009E11D0 /* AMWaveTransitionDemo */ = {
			isa = PBXGroup;
			children = (
				57D0C91E1A36A7F4009E11D0 /* AMWaveTransition.h */,
				57D0C91F1A36A7F4009E11D0 /* AMWaveTransition.m */,
				57D0C8FC1A36A7E4009E11D0 /* AppDelegate.h */,
				57D0C8FD1A36A7E4009E11D0 /* AppDelegate.m */,
				57D0C8FF1A36A7E4009E11D0 /* ViewController.h */,
				57D0C9001A36A7E4009E11D0 /* ViewController.m */,
				576209F81A36C5B0001BE5A6 /* SecondViewController.h */,
				576209F91A36C5B0001BE5A6 /* SecondViewController.m */,
				57D0C9211A36A8A9009E11D0 /* Default-568h@2x.png */,
				57D0C9051A36A7E4009E11D0 /* Images.xcassets */,
				57D0C8F81A36A7E4009E11D0 /* Supporting Files */,
			);
			path = AMWaveTransitionDemo;
			sourceTree = "<group>";
		};
		57D0C8F81A36A7E4009E11D0 /* Supporting Files */ = {
			isa = PBXGroup;
			children = (
				57D0C8F91A36A7E4009E11D0 /* Info.plist */,
				57D0C8FA1A36A7E4009E11D0 /* main.m */,
			);
			name = "Supporting Files";
			sourceTree = "<group>";
		};
		57D0C9111A36A7E4009E11D0 /* AMWaveTransitionDemoTests */ = {
			isa = PBXGroup;
			children = (
				57D0C9141A36A7E4009E11D0 /* AMWaveTransitionDemoTests.m */,
				57D0C9121A36A7E4009E11D0 /* Supporting Files */,
			);
			path = AMWaveTransitionDemoTests;
			sourceTree = "<group>";
		};
		57D0C9121A36A7E4009E11D0 /* Supporting Files */ = {
			isa = PBXGroup;
			children = (
				57D0C9131A36A7E4009E11D0 /* Info.plist */,
			);
			name = "Supporting Files";
			sourceTree = "<group>";
		};
/* End PBXGroup section */

/* Begin PBXNativeTarget section */
		57D0C8F41A36A7E4009E11D0 /* AMWaveTransitionDemo */ = {
			isa = PBXNativeTarget;
			buildConfigurationList = 57D0C9181A36A7E4009E11D0 /* Build configuration list for PBXNativeTarget "AMWaveTransitionDemo" */;
			buildPhases = (
				57D0C8F11A36A7E4009E11D0 /* Sources */,
				57D0C8F21A36A7E4009E11D0 /* Frameworks */,
				57D0C8F31A36A7E4009E11D0 /* Resources */,
			);
			buildRules = (
			);
			dependencies = (
			);
			name = AMWaveTransitionDemo;
			productName = AMWaveTransitionDemo;
			productReference = 57D0C8F51A36A7E4009E11D0 /* AMWaveTransitionDemo.app */;
			productType = "com.apple.product-type.application";
		};
		57D0C90D1A36A7E4009E11D0 /* AMWaveTransitionDemoTests */ = {
			isa = PBXNativeTarget;
			buildConfigurationList = 57D0C91B1A36A7E4009E11D0 /* Build configuration list for PBXNativeTarget "AMWaveTransitionDemoTests" */;
			buildPhases = (
				57D0C90A1A36A7E4009E11D0 /* Sources */,
				57D0C90B1A36A7E4009E11D0 /* Frameworks */,
				57D0C90C1A36A7E4009E11D0 /* Resources */,
			);
			buildRules = (
			);
			dependencies = (
				57D0C9101A36A7E4009E11D0 /* PBXTargetDependency */,
			);
			name = AMWaveTransitionDemoTests;
			productName = AMWaveTransitionDemoTests;
			productReference = 57D0C90E1A36A7E4009E11D0 /* AMWaveTransitionDemoTests.xctest */;
			productType = "com.apple.product-type.bundle.unit-test";
		};
/* End PBXNativeTarget section */

/* Begin PBXProject section */
		57D0C8ED1A36A7E4009E11D0 /* Project object */ = {
			isa = PBXProject;
			attributes = {
				LastUpgradeCheck = 0610;
				ORGANIZATIONNAME = telcolor;
				TargetAttributes = {
					57D0C8F41A36A7E4009E11D0 = {
						CreatedOnToolsVersion = 6.1.1;
					};
					57D0C90D1A36A7E4009E11D0 = {
						CreatedOnToolsVersion = 6.1.1;
						TestTargetID = 57D0C8F41A36A7E4009E11D0;
					};
				};
			};
			buildConfigurationList = 57D0C8F01A36A7E4009E11D0 /* Build configuration list for PBXProject "AMWaveTransitionDemo" */;
			compatibilityVersion = "Xcode 3.2";
			developmentRegion = English;
			hasScannedForEncodings = 0;
			knownRegions = (
				en,
				Base,
			);
			mainGroup = 57D0C8EC1A36A7E4009E11D0;
			productRefGroup = 57D0C8F61A36A7E4009E11D0 /* Products */;
			projectDirPath = "";
			projectRoot = "";
			targets = (
				57D0C8F41A36A7E4009E11D0 /* AMWaveTransitionDemo */,
				57D0C90D1A36A7E4009E11D0 /* AMWaveTransitionDemoTests */,
			);
		};
/* End PBXProject section */

/* Begin PBXResourcesBuildPhase section */
		57D0C8F31A36A7E4009E11D0 /* Resources */ = {
			isa = PBXResourcesBuildPhase;
			buildActionMask = 2147483647;
			files = (
				57D0C9061A36A7E4009E11D0 /* Images.xcassets in Resources */,
				57D0C9221A36A8A9009E11D0 /* Default-568h@2x.png in Resources */,
			);
			runOnlyForDeploymentPostprocessing = 0;
		};
		57D0C90C1A36A7E4009E11D0 /* Resources */ = {
			isa = PBXResourcesBuildPhase;
			buildActionMask = 2147483647;
			files = (
			);
			runOnlyForDeploymentPostprocessing = 0;
		};
/* End PBXResourcesBuildPhase section */

/* Begin PBXSourcesBuildPhase section */
		57D0C8F11A36A7E4009E11D0 /* Sources */ = {
			isa = PBXSourcesBuildPhase;
			buildActionMask = 2147483647;
			files = (
				576209FA1A36C5B0001BE5A6 /* SecondViewController.m in Sources */,
				57D0C9011A36A7E4009E11D0 /* ViewController.m in Sources */,
				57D0C9201A36A7F4009E11D0 /* AMWaveTransition.m in Sources */,
				57D0C8FE1A36A7E4009E11D0 /* AppDelegate.m in Sources */,
				57D0C8FB1A36A7E4009E11D0 /* main.m in Sources */,
			);
			runOnlyForDeploymentPostprocessing = 0;
		};
		57D0C90A1A36A7E4009E11D0 /* Sources */ = {
			isa = PBXSourcesBuildPhase;
			buildActionMask = 2147483647;
			files = (
				57D0C9151A36A7E4009E11D0 /* AMWaveTransitionDemoTests.m in Sources */,
			);
			runOnlyForDeploymentPostprocessing = 0;
		};
/* End PBXSourcesBuildPhase section */

/* Begin PBXTargetDependency section */
		57D0C9101A36A7E4009E11D0 /* PBXTargetDependency */ = {
			isa = PBXTargetDependency;
			target = 57D0C8F41A36A7E4009E11D0 /* AMWaveTransitionDemo */;
			targetProxy = 57D0C90F1A36A7E4009E11D0 /* PBXContainerItemProxy */;
		};
/* End PBXTargetDependency section */

/* Begin XCBuildConfiguration section */
		57D0C9161A36A7E4009E11D0 /* Debug */ = {
			isa = XCBuildConfiguration;
			buildSettings = {
				ALWAYS_SEARCH_USER_PATHS = NO;
				CLANG_CXX_LANGUAGE_STANDARD = "gnu++0x";
				CLANG_CXX_LIBRARY = "libc++";
				CLANG_ENABLE_MODULES = YES;
				CLANG_ENABLE_OBJC_ARC = YES;
				CLANG_WARN_BOOL_CONVERSION = YES;
				CLANG_WARN_CONSTANT_CONVERSION = YES;
				CLANG_WARN_DIRECT_OBJC_ISA_USAGE = YES_ERROR;
				CLANG_WARN_EMPTY_BODY = YES;
				CLANG_WARN_ENUM_CONVERSION = YES;
				CLANG_WARN_INT_CONVERSION = YES;
				CLANG_WARN_OBJC_ROOT_CLASS = YES_ERROR;
				CLANG_WARN_UNREACHABLE_CODE = YES;
				CLANG_WARN__DUPLICATE_METHOD_MATCH = YES;
				"CODE_SIGN_IDENTITY[sdk=iphoneos*]" = "iPhone Developer";
				COPY_PHASE_STRIP = NO;
				ENABLE_STRICT_OBJC_MSGSEND = YES;
				GCC_C_LANGUAGE_STANDARD = gnu99;
				GCC_DYNAMIC_NO_PIC = NO;
				GCC_OPTIMIZATION_LEVEL = 0;
				GCC_PREPROCESSOR_DEFINITIONS = (
					"DEBUG=1",
					"$(inherited)",
				);
				GCC_SYMBOLS_PRIVATE_EXTERN = NO;
				GCC_WARN_64_TO_32_BIT_CONVERSION = YES;
				GCC_WARN_ABOUT_RETURN_TYPE = YES_ERROR;
				GCC_WARN_UNDECLARED_SELECTOR = YES;
				GCC_WARN_UNINITIALIZED_AUTOS = YES_AGGRESSIVE;
				GCC_WARN_UNUSED_FUNCTION = YES;
				GCC_WARN_UNUSED_VARIABLE = YES;
				IPHONEOS_DEPLOYMENT_TARGET = 8.1;
				MTL_ENABLE_DEBUG_INFO = YES;
				ONLY_ACTIVE_ARCH = YES;
				SDKROOT = iphoneos;
			};
			name = Debug;
		};
		57D0C9171A36A7E4009E11D0 /* Release */ = {
			isa = XCBuildConfiguration;
			buildSettings = {
				ALWAYS_SEARCH_USER_PATHS = NO;
				CLANG_CXX_LANGUAGE_STANDARD = "gnu++0x";
				CLANG_CXX_LIBRARY = "libc++";
				CLANG_ENABLE_MODULES = YES;
				CLANG_ENABLE_OBJC_ARC = YES;
				CLANG_WARN_BOOL_CONVERSION = YES;
				CLANG_WARN_CONSTANT_CONVERSION = YES;
				CLANG_WARN_DIRECT_OBJC_ISA_USAGE = YES_ERROR;
				CLANG_WARN_EMPTY_BODY = YES;
				CLANG_WARN_ENUM_CONVERSION = YES;
				CLANG_WARN_INT_CONVERSION = YES;
				CLANG_WARN_OBJC_ROOT_CLASS = YES_ERROR;
				CLANG_WARN_UNREACHABLE_CODE = YES;
				CLANG_WARN__DUPLICATE_METHOD_MATCH = YES;
				"CODE_SIGN_IDENTITY[sdk=iphoneos*]" = "iPhone Developer";
				COPY_PHASE_STRIP = YES;
				ENABLE_NS_ASSERTIONS = NO;
				ENABLE_STRICT_OBJC_MSGSEND = YES;
				GCC_C_LANGUAGE_STANDARD = gnu99;
				GCC_WARN_64_TO_32_BIT_CONVERSION = YES;
				GCC_WARN_ABOUT_RETURN_TYPE = YES_ERROR;
				GCC_WARN_UNDECLARED_SELECTOR = YES;
				GCC_WARN_UNINITIALIZED_AUTOS = YES_AGGRESSIVE;
				GCC_WARN_UNUSED_FUNCTION = YES;
				GCC_WARN_UNUSED_VARIABLE = YES;
				IPHONEOS_DEPLOYMENT_TARGET = 8.1;
				MTL_ENABLE_DEBUG_INFO = NO;
				SDKROOT = iphoneos;
				VALIDATE_PRODUCT = YES;
			};
			name = Release;
		};
		57D0C9191A36A7E4009E11D0 /* Debug */ = {
			isa = XCBuildConfiguration;
			buildSettings = {
				ASSETCATALOG_COMPILER_APPICON_NAME = AppIcon;
				ASSETCATALOG_COMPILER_LAUNCHIMAGE_NAME = LaunchImage;
				INFOPLIST_FILE = AMWaveTransitionDemo/Info.plist;
				LD_RUNPATH_SEARCH_PATHS = "$(inherited) @executable_path/Frameworks";
				PRODUCT_NAME = "$(TARGET_NAME)";
			};
			name = Debug;
		};
		57D0C91A1A36A7E4009E11D0 /* Release */ = {
			isa = XCBuildConfiguration;
			buildSettings = {
				ASSETCATALOG_COMPILER_APPICON_NAME = AppIcon;
				ASSETCATALOG_COMPILER_LAUNCHIMAGE_NAME = LaunchImage;
				INFOPLIST_FILE = AMWaveTransitionDemo/Info.plist;
				LD_RUNPATH_SEARCH_PATHS = "$(inherited) @executable_path/Frameworks";
				PRODUCT_NAME = "$(TARGET_NAME)";
			};
			name = Release;
		};
		57D0C91C1A36A7E4009E11D0 /* Debug */ = {
			isa = XCBuildConfiguration;
			buildSettings = {
				BUNDLE_LOADER = "$(TEST_HOST)";
				FRAMEWORK_SEARCH_PATHS = (
					"$(SDKROOT)/Developer/Library/Frameworks",
					"$(inherited)",
				);
				GCC_PREPROCESSOR_DEFINITIONS = (
					"DEBUG=1",
					"$(inherited)",
				);
				INFOPLIST_FILE = AMWaveTransitionDemoTests/Info.plist;
				LD_RUNPATH_SEARCH_PATHS = "$(inherited) @executable_path/Frameworks @loader_path/Frameworks";
				PRODUCT_NAME = "$(TARGET_NAME)";
				TEST_HOST = "$(BUILT_PRODUCTS_DIR)/AMWaveTransitionDemo.app/AMWaveTransitionDemo";
			};
			name = Debug;
		};
		57D0C91D1A36A7E4009E11D0 /* Release */ = {
			isa = XCBuildConfiguration;
			buildSettings = {
				BUNDLE_LOADER = "$(TEST_HOST)";
				FRAMEWORK_SEARCH_PATHS = (
					"$(SDKROOT)/Developer/Library/Frameworks",
					"$(inherited)",
				);
				INFOPLIST_FILE = AMWaveTransitionDemoTests/Info.plist;
				LD_RUNPATH_SEARCH_PATHS = "$(inherited) @executable_path/Frameworks @loader_path/Frameworks";
				PRODUCT_NAME = "$(TARGET_NAME)";
				TEST_HOST = "$(BUILT_PRODUCTS_DIR)/AMWaveTransitionDemo.app/AMWaveTransitionDemo";
			};
			name = Release;
		};
/* End XCBuildConfiguration section */

/* Begin XCConfigurationList section */
		57D0C8F01A36A7E4009E11D0 /* Build configuration list for PBXProject "AMWaveTransitionDemo" */ = {
			isa = XCConfigurationList;
			buildConfigurations = (
				57D0C9161A36A7E4009E11D0 /* Debug */,
				57D0C9171A36A7E4009E11D0 /* Release */,
			);
			defaultConfigurationIsVisible = 0;
			defaultConfigurationName = Release;
		};
		57D0C9181A36A7E4009E11D0 /* Build configuration list for PBXNativeTarget "AMWaveTransitionDemo" */ = {
			isa = XCConfigurationList;
			buildConfigurations = (
				57D0C9191A36A7E4009E11D0 /* Debug */,
				57D0C91A1A36A7E4009E11D0 /* Release */,
			);
			defaultConfigurationIsVisible = 0;
			defaultConfigurationName = Release;
		};
		57D0C91B1A36A7E4009E11D0 /* Build configuration list for PBXNativeTarget "AMWaveTransitionDemoTests" */ = {
			isa = XCConfigurationList;
			buildConfigurations = (
				57D0C91C1A36A7E4009E11D0 /* Debug */,
				57D0C91D1A36A7E4009E11D0 /* Release */,
			);
			defaultConfigurationIsVisible = 0;
			defaultConfigurationName = Release;
		};
/* End XCConfigurationList section */
	};
	rootObject = 57D0C8ED1A36A7E4009E11D0 /* Project object */;
}
